{
  "originHash" : "99493d1d27699c88d677b40b7e52ecccb2b64d3632e9c1ce79bb36e7f0b082ff",
  "pins" : [
    {
      "identity" : "signet",
      "kind" : "remoteSourceControl",
      "location" : "https://github.com/CVERInc/signet",
      "state" : {
        "branch" : "main",
        "revision" : "e29d6246c95da2dc61ade22e5b82ef340443b430"
      }
    }
  ],
  "version" : 3
}
